
Microsoft Visual Studio Solution File, Format Version 12.00
# Visual Studio 2012
Project("{8BC9CEB8-8B4A-11D0-8D11-00A0C91BC942}") = "Challenge254", "Challenge254\Challenge254.vcxproj", "{A585F2FA-0346-4036-911A-D604072D4F0B}"
EndProject
Global
	GlobalSection(SolutionConfigurationPlatforms) = preSolution
		Debug|Win32 = Debug|Win32
		Release|Win32 = Release|Win32
	EndGlobalSection
	GlobalSection(ProjectConfigurationPlatforms) = postSolution
		{A585F2FA-0346-4036-911A-D604072D4F0B}.Debug|Win32.ActiveCfg = Debug|Win32
		{A585F2FA-0346-4036-911A-D604072D4F0B}.Debug|Win32.Build.0 = Debug|Win32
		{A585F2FA-0346-4036-911A-D604072D4F0B}.Release|Win32.ActiveCfg = Release|Win32
		{A585F2FA-0346-4036-911A-D604072D4F0B}.Release|Win32.Build.0 = Release|Win32
	EndGlobalSection
	GlobalSection(SolutionProperties) = preSolution
		HideSolutionNode = FALSE
	EndGlobalSection
EndGlobal
